
Microsoft Visual Studio Solution File, Format Version 12.00
# Visual Studio Version 17
VisualStudioVersion = 17.13.35818.85
MinimumVisualStudioVersion = 10.0.40219.1
Project("{FAE04EC0-301F-11D3-BF4B-00C04F79EFBC}") = "DecorMateBackend", "DecorMateBackend\DecorMateBackend.csproj", "{8C0CE469-D237-4FC3-B459-C5C3DFE01023}"
EndProject
Global
	GlobalSection(SolutionConfigurationPlatforms) = preSolution
		Debug|Any CPU = Debug|Any CPU
		Release|Any CPU = Release|Any CPU
	EndGlobalSection
	GlobalSection(ProjectConfigurationPlatforms) = postSolution
		{8C0CE469-D237-4FC3-B459-C5C3DFE01023}.Debug|Any CPU.ActiveCfg = Debug|Any CPU
		{8C0CE469-D237-4FC3-B459-C5C3DFE01023}.Debug|Any CPU.Build.0 = Debug|Any CPU
		{8C0CE469-D237-4FC3-B459-C5C3DFE01023}.Release|Any CPU.ActiveCfg = Release|Any CPU
		{8C0CE469-D237-4FC3-B459-C5C3DFE01023}.Release|Any CPU.Build.0 = Release|Any CPU
	EndGlobalSection
	GlobalSection(SolutionProperties) = preSolution
		HideSolutionNode = FALSE
	EndGlobalSection
	GlobalSection(ExtensibilityGlobals) = postSolution
		SolutionGuid = {A567F173-B635-4D67-9BDA-FDDD39A3B615}
	EndGlobalSection
EndGlobal
